// !$*UTF8*$!
{
	archiveVersion = 1;
	classes = {
	};
	objectVersion = 55;
	objects = {

/* Begin PBXBuildFile section */
		BE020798285376E200F45793 /* TouchdownApp.swift in Sources */ = {isa = PBXBuildFile; fileRef = BE020797285376E200F45793 /* TouchdownApp.swift */; };
		BE02079A285376E200F45793 /* ContentView.swift in Sources */ = {isa = PBXBuildFile; fileRef = BE020799285376E200F45793 /* ContentView.swift */; };
		BE02079C285376E500F45793 /* Assets.xcassets in Resources */ = {isa = PBXBuildFile; fileRef = BE02079B285376E500F45793 /* Assets.xcassets */; };
		BE02079F285376E500F45793 /* Preview Assets.xcassets in Resources */ = {isa = PBXBuildFile; fileRef = BE02079E285376E500F45793 /* Preview Assets.xcassets */; };
		BE0207AA28537E5E00F45793 /* player.json in Resources */ = {isa = PBXBuildFile; fileRef = BE0207A628537E5E00F45793 /* player.json */; };
		BE0207AB28537E5E00F45793 /* product.json in Resources */ = {isa = PBXBuildFile; fileRef = BE0207A728537E5E00F45793 /* product.json */; };
		BE0207AC28537E5E00F45793 /* category.json in Resources */ = {isa = PBXBuildFile; fileRef = BE0207A828537E5E00F45793 /* category.json */; };
		BE0207AD28537E5E00F45793 /* brand.json in Resources */ = {isa = PBXBuildFile; fileRef = BE0207A928537E5E00F45793 /* brand.json */; };
		BE0207B7285381F900F45793 /* Constant.swift in Sources */ = {isa = PBXBuildFile; fileRef = BE0207B6285381F900F45793 /* Constant.swift */; };
		BE0207B92853836B00F45793 /* FooterView.swift in Sources */ = {isa = PBXBuildFile; fileRef = BE0207B82853836B00F45793 /* FooterView.swift */; };
		BE0207BB28538DFB00F45793 /* NavigationBarView.swift in Sources */ = {isa = PBXBuildFile; fileRef = BE0207BA28538DFB00F45793 /* NavigationBarView.swift */; };
		BE0207BD285390E400F45793 /* LogoView.swift in Sources */ = {isa = PBXBuildFile; fileRef = BE0207BC285390E400F45793 /* LogoView.swift */; };
		BE0207BF2853979900F45793 /* PlayerModel.swift in Sources */ = {isa = PBXBuildFile; fileRef = BE0207BE2853979900F45793 /* PlayerModel.swift */; };
		BE0207C1285397F300F45793 /* CodableBundleExtension.swift in Sources */ = {isa = PBXBuildFile; fileRef = BE0207C0285397F300F45793 /* CodableBundleExtension.swift */; };
		BE0207C328539AB300F45793 /* FeaturedItemView.swift in Sources */ = {isa = PBXBuildFile; fileRef = BE0207C228539AB300F45793 /* FeaturedItemView.swift */; };
		BE0207C528539CAA00F45793 /* FeaturedTabView.swift in Sources */ = {isa = PBXBuildFile; fileRef = BE0207C428539CAA00F45793 /* FeaturedTabView.swift */; };
		BE5F7BEC2857B2D200C7C971 /* TitleView.swift in Sources */ = {isa = PBXBuildFile; fileRef = BE5F7BEB2857B2D200C7C971 /* TitleView.swift */; };
		BE5F7BEE2857B3EA00C7C971 /* ProductModel.swift in Sources */ = {isa = PBXBuildFile; fileRef = BE5F7BED2857B3EA00C7C971 /* ProductModel.swift */; };
		BE5F7BF02857B4D700C7C971 /* ProductItemView.swift in Sources */ = {isa = PBXBuildFile; fileRef = BE5F7BEF2857B4D700C7C971 /* ProductItemView.swift */; };
		BE5F7BF22857BA0100C7C971 /* BrandModel.swift in Sources */ = {isa = PBXBuildFile; fileRef = BE5F7BF12857BA0100C7C971 /* BrandModel.swift */; };
		BE5F7BF42857BAAA00C7C971 /* BrandItemView.swift in Sources */ = {isa = PBXBuildFile; fileRef = BE5F7BF32857BAAA00C7C971 /* BrandItemView.swift */; };
		BE5F7BF62857BB8A00C7C971 /* BrandGridView.swift in Sources */ = {isa = PBXBuildFile; fileRef = BE5F7BF52857BB8900C7C971 /* BrandGridView.swift */; };
		BE9066CF2854E86B00C9FB77 /* CategoryModel.swift in Sources */ = {isa = PBXBuildFile; fileRef = BE9066CE2854E86B00C9FB77 /* CategoryModel.swift */; };
		BE9066D12854E9C900C9FB77 /* CategoryItemView.swift in Sources */ = {isa = PBXBuildFile; fileRef = BE9066D02854E9C900C9FB77 /* CategoryItemView.swift */; };
		BE9066D32854EC5200C9FB77 /* CategoryGridView.swift in Sources */ = {isa = PBXBuildFile; fileRef = BE9066D22854EC5200C9FB77 /* CategoryGridView.swift */; };
		BE9066D52854F58400C9FB77 /* SectionView.swift in Sources */ = {isa = PBXBuildFile; fileRef = BE9066D42854F58400C9FB77 /* SectionView.swift */; };
		BEE48B2B286A2A9500A7B72A /* ProductDetailView.swift in Sources */ = {isa = PBXBuildFile; fileRef = BEE48B2A286A2A9500A7B72A /* ProductDetailView.swift */; };
		BEE48B2D286A2CEC00A7B72A /* NavigationBarDetailView.swift in Sources */ = {isa = PBXBuildFile; fileRef = BEE48B2C286A2CEC00A7B72A /* NavigationBarDetailView.swift */; };
		BEE48B2F286A2F0700A7B72A /* HeaderDetailView.swift in Sources */ = {isa = PBXBuildFile; fileRef = BEE48B2E286A2F0700A7B72A /* HeaderDetailView.swift */; };
		BEE48B31286A30A400A7B72A /* TopPartDetailView.swift in Sources */ = {isa = PBXBuildFile; fileRef = BEE48B30286A30A400A7B72A /* TopPartDetailView.swift */; };
/* End PBXBuildFile section */

/* Begin PBXFileReference section */
		BE020794285376E200F45793 /* Touch Down.app */ = {isa = PBXFileReference; explicitFileType = wrapper.application; includeInIndex = 0; path = "Touch Down.app"; sourceTree = BUILT_PRODUCTS_DIR; };
		BE020797285376E200F45793 /* TouchdownApp.swift */ = {isa = PBXFileReference; lastKnownFileType = sourcecode.swift; path = TouchdownApp.swift; sourceTree = "<group>"; };
		BE020799285376E200F45793 /* ContentView.swift */ = {isa = PBXFileReference; lastKnownFileType = sourcecode.swift; path = ContentView.swift; sourceTree = "<group>"; };
		BE02079B285376E500F45793 /* Assets.xcassets */ = {isa = PBXFileReference; lastKnownFileType = folder.assetcatalog; path = Assets.xcassets; sourceTree = "<group>"; };
		BE02079E285376E500F45793 /* Preview Assets.xcassets */ = {isa = PBXFileReference; lastKnownFileType = folder.assetcatalog; path = "Preview Assets.xcassets"; sourceTree = "<group>"; };
		BE0207A628537E5E00F45793 /* player.json */ = {isa = PBXFileReference; fileEncoding = 4; lastKnownFileType = text.json; path = player.json; sourceTree = "<group>"; };
		BE0207A728537E5E00F45793 /* product.json */ = {isa = PBXFileReference; fileEncoding = 4; lastKnownFileType = text.json; path = product.json; sourceTree = "<group>"; };
		BE0207A828537E5E00F45793 /* category.json */ = {isa = PBXFileReference; fileEncoding = 4; lastKnownFileType = text.json; path = category.json; sourceTree = "<group>"; };
		BE0207A928537E5E00F45793 /* brand.json */ = {isa = PBXFileReference; fileEncoding = 4; lastKnownFileType = text.json; path = brand.json; sourceTree = "<group>"; };
		BE0207AE2853804E00F45793 /* Touch-Down-Info.plist */ = {isa = PBXFileReference; lastKnownFileType = text.plist; path = "Touch-Down-Info.plist"; sourceTree = "<group>"; };
		BE0207B6285381F900F45793 /* Constant.swift */ = {isa = PBXFileReference; lastKnownFileType = sourcecode.swift; path = Constant.swift; sourceTree = "<group>"; };
		BE0207B82853836B00F45793 /* FooterView.swift */ = {isa = PBXFileReference; lastKnownFileType = sourcecode.swift; path = FooterView.swift; sourceTree = "<group>"; };
		BE0207BA28538DFB00F45793 /* NavigationBarView.swift */ = {isa = PBXFileReference; lastKnownFileType = sourcecode.swift; path = NavigationBarView.swift; sourceTree = "<group>"; };
		BE0207BC285390E400F45793 /* LogoView.swift */ = {isa = PBXFileReference; lastKnownFileType = sourcecode.swift; path = LogoView.swift; sourceTree = "<group>"; };
		BE0207BE2853979900F45793 /* PlayerModel.swift */ = {isa = PBXFileReference; lastKnownFileType = sourcecode.swift; path = PlayerModel.swift; sourceTree = "<group>"; };
		BE0207C0285397F300F45793 /* CodableBundleExtension.swift */ = {isa = PBXFileReference; lastKnownFileType = sourcecode.swift; path = CodableBundleExtension.swift; sourceTree = "<group>"; };
		BE0207C228539AB300F45793 /* FeaturedItemView.swift */ = {isa = PBXFileReference; lastKnownFileType = sourcecode.swift; path = FeaturedItemView.swift; sourceTree = "<group>"; };
		BE0207C428539CAA00F45793 /* FeaturedTabView.swift */ = {isa = PBXFileReference; lastKnownFileType = sourcecode.swift; path = FeaturedTabView.swift; sourceTree = "<group>"; };
		BE5F7BEB2857B2D200C7C971 /* TitleView.swift */ = {isa = PBXFileReference; lastKnownFileType = sourcecode.swift; path = TitleView.swift; sourceTree = "<group>"; };
		BE5F7BED2857B3EA00C7C971 /* ProductModel.swift */ = {isa = PBXFileReference; lastKnownFileType = sourcecode.swift; path = ProductModel.swift; sourceTree = "<group>"; };
		BE5F7BEF2857B4D700C7C971 /* ProductItemView.swift */ = {isa = PBXFileReference; lastKnownFileType = sourcecode.swift; path = ProductItemView.swift; sourceTree = "<group>"; };
		BE5F7BF12857BA0100C7C971 /* BrandModel.swift */ = {isa = PBXFileReference; lastKnownFileType = sourcecode.swift; path = BrandModel.swift; sourceTree = "<group>"; };
		BE5F7BF32857BAAA00C7C971 /* BrandItemView.swift */ = {isa = PBXFileReference; lastKnownFileType = sourcecode.swift; path = BrandItemView.swift; sourceTree = "<group>"; };
		BE5F7BF52857BB8900C7C971 /* BrandGridView.swift */ = {isa = PBXFileReference; lastKnownFileType = sourcecode.swift; path = BrandGridView.swift; sourceTree = "<group>"; };
		BE9066CE2854E86B00C9FB77 /* CategoryModel.swift */ = {isa = PBXFileReference; lastKnownFileType = sourcecode.swift; path = CategoryModel.swift; sourceTree = "<group>"; };
		BE9066D02854E9C900C9FB77 /* CategoryItemView.swift */ = {isa = PBXFileReference; lastKnownFileType = sourcecode.swift; path = CategoryItemView.swift; sourceTree = "<group>"; };
		BE9066D22854EC5200C9FB77 /* CategoryGridView.swift */ = {isa = PBXFileReference; lastKnownFileType = sourcecode.swift; path = CategoryGridView.swift; sourceTree = "<group>"; };
		BE9066D42854F58400C9FB77 /* SectionView.swift */ = {isa = PBXFileReference; lastKnownFileType = sourcecode.swift; path = SectionView.swift; sourceTree = "<group>"; };
		BEE48B2A286A2A9500A7B72A /* ProductDetailView.swift */ = {isa = PBXFileReference; lastKnownFileType = sourcecode.swift; path = ProductDetailView.swift; sourceTree = "<group>"; };
		BEE48B2C286A2CEC00A7B72A /* NavigationBarDetailView.swift */ = {isa = PBXFileReference; lastKnownFileType = sourcecode.swift; path = NavigationBarDetailView.swift; sourceTree = "<group>"; };
		BEE48B2E286A2F0700A7B72A /* HeaderDetailView.swift */ = {isa = PBXFileReference; lastKnownFileType = sourcecode.swift; path = HeaderDetailView.swift; sourceTree = "<group>"; };
		BEE48B30286A30A400A7B72A /* TopPartDetailView.swift */ = {isa = PBXFileReference; lastKnownFileType = sourcecode.swift; path = TopPartDetailView.swift; sourceTree = "<group>"; };
/* End PBXFileReference section */

/* Begin PBXFrameworksBuildPhase section */
		BE020791285376E200F45793 /* Frameworks */ = {
			isa = PBXFrameworksBuildPhase;
			buildActionMask = 2147483647;
			files = (
			);
			runOnlyForDeploymentPostprocessing = 0;
		};
/* End PBXFrameworksBuildPhase section */

/* Begin PBXGroup section */
		BE02078B285376E200F45793 = {
			isa = PBXGroup;
			children = (
				BE0207AE2853804E00F45793 /* Touch-Down-Info.plist */,
				BE020796285376E200F45793 /* Touchdown */,
				BE020795285376E200F45793 /* Products */,
			);
			sourceTree = "<group>";
		};
		BE020795285376E200F45793 /* Products */ = {
			isa = PBXGroup;
			children = (
				BE020794285376E200F45793 /* Touch Down.app */,
			);
			name = Products;
			sourceTree = "<group>";
		};
		BE020796285376E200F45793 /* Touchdown */ = {
			isa = PBXGroup;
			children = (
				BE0207B22853815B00F45793 /* App */,
				BE0207AF2853813700F45793 /* View */,
				BE0207A528537DA300F45793 /* Data */,
				BE0207B32853816900F45793 /* Model */,
				BE0207B42853816F00F45793 /* Extension */,
				BE0207B52853817B00F45793 /* Utility */,
				BE02079B285376E500F45793 /* Assets.xcassets */,
				BE02079D285376E500F45793 /* Preview Content */,
			);
			path = Touchdown;
			sourceTree = "<group>";
		};
		BE02079D285376E500F45793 /* Preview Content */ = {
			isa = PBXGroup;
			children = (
				BE02079E285376E500F45793 /* Preview Assets.xcassets */,
			);
			path = "Preview Content";
			sourceTree = "<group>";
		};
		BE0207A528537DA300F45793 /* Data */ = {
			isa = PBXGroup;
			children = (
				BE0207A928537E5E00F45793 /* brand.json */,
				BE0207A828537E5E00F45793 /* category.json */,
				BE0207A628537E5E00F45793 /* player.json */,
				BE0207A728537E5E00F45793 /* product.json */,
			);
			path = Data;
			sourceTree = "<group>";
		};
		BE0207AF2853813700F45793 /* View */ = {
			isa = PBXGroup;
			children = (
				BE0207B02853814700F45793 /* Home */,
				BE0207B12853814E00F45793 /* Detail */,
			);
			path = View;
			sourceTree = "<group>";
		};
		BE0207B02853814700F45793 /* Home */ = {
			isa = PBXGroup;
			children = (
				BE0207B82853836B00F45793 /* FooterView.swift */,
				BE0207BA28538DFB00F45793 /* NavigationBarView.swift */,
				BE0207BC285390E400F45793 /* LogoView.swift */,
				BE0207C228539AB300F45793 /* FeaturedItemView.swift */,
				BE0207C428539CAA00F45793 /* FeaturedTabView.swift */,
				BE9066D02854E9C900C9FB77 /* CategoryItemView.swift */,
				BE9066D22854EC5200C9FB77 /* CategoryGridView.swift */,
				BE9066D42854F58400C9FB77 /* SectionView.swift */,
				BE5F7BEB2857B2D200C7C971 /* TitleView.swift */,
				BE5F7BEF2857B4D700C7C971 /* ProductItemView.swift */,
				BE5F7BF32857BAAA00C7C971 /* BrandItemView.swift */,
				BE5F7BF52857BB8900C7C971 /* BrandGridView.swift */,
			);
			path = Home;
			sourceTree = "<group>";
		};
		BE0207B12853814E00F45793 /* Detail */ = {
			isa = PBXGroup;
			children = (
				BEE48B2C286A2CEC00A7B72A /* NavigationBarDetailView.swift */,
				BEE48B2E286A2F0700A7B72A /* HeaderDetailView.swift */,
				BEE48B30286A30A400A7B72A /* TopPartDetailView.swift */,
			);
			path = Detail;
			sourceTree = "<group>";
		};
		BE0207B22853815B00F45793 /* App */ = {
			isa = PBXGroup;
			children = (
				BE020797285376E200F45793 /* TouchdownApp.swift */,
				BE020799285376E200F45793 /* ContentView.swift */,
				BEE48B2A286A2A9500A7B72A /* ProductDetailView.swift */,
			);
			path = App;
			sourceTree = "<group>";
		};
		BE0207B32853816900F45793 /* Model */ = {
			isa = PBXGroup;
			children = (
				BE0207BE2853979900F45793 /* PlayerModel.swift */,
				BE9066CE2854E86B00C9FB77 /* CategoryModel.swift */,
				BE5F7BED2857B3EA00C7C971 /* ProductModel.swift */,
				BE5F7BF12857BA0100C7C971 /* BrandModel.swift */,
			);
			path = Model;
			sourceTree = "<group>";
		};
		BE0207B42853816F00F45793 /* Extension */ = {
			isa = PBXGroup;
			children = (
				BE0207C0285397F300F45793 /* CodableBundleExtension.swift */,
			);
			path = Extension;
			sourceTree = "<group>";
		};
		BE0207B52853817B00F45793 /* Utility */ = {
			isa = PBXGroup;
			children = (
				BE0207B6285381F900F45793 /* Constant.swift */,
			);
			path = Utility;
			sourceTree = "<group>";
		};
/* End PBXGroup section */

/* Begin PBXNativeTarget section */
		BE020793285376E200F45793 /* Touch Down */ = {
			isa = PBXNativeTarget;
			buildConfigurationList = BE0207A2285376E500F45793 /* Build configuration list for PBXNativeTarget "Touch Down" */;
			buildPhases = (
				BE020790285376E200F45793 /* Sources */,
				BE020791285376E200F45793 /* Frameworks */,
				BE020792285376E200F45793 /* Resources */,
			);
			buildRules = (
			);
			dependencies = (
			);
			name = "Touch Down";
			productName = Touchdown;
			productReference = BE020794285376E200F45793 /* Touch Down.app */;
			productType = "com.apple.product-type.application";
		};
/* End PBXNativeTarget section */

/* Begin PBXProject section */
		BE02078C285376E200F45793 /* Project object */ = {
			isa = PBXProject;
			attributes = {
				BuildIndependentTargetsInParallel = 1;
				LastSwiftUpdateCheck = 1330;
				LastUpgradeCheck = 1330;
				TargetAttributes = {
					BE020793285376E200F45793 = {
						CreatedOnToolsVersion = 13.3.1;
					};
				};
			};
			buildConfigurationList = BE02078F285376E200F45793 /* Build configuration list for PBXProject "Touchdown" */;
			compatibilityVersion = "Xcode 13.0";
			developmentRegion = en;
			hasScannedForEncodings = 0;
			knownRegions = (
				en,
				Base,
			);
			mainGroup = BE02078B285376E200F45793;
			productRefGroup = BE020795285376E200F45793 /* Products */;
			projectDirPath = "";
			projectRoot = "";
			targets = (
				BE020793285376E200F45793 /* Touch Down */,
			);
		};
/* End PBXProject section */

/* Begin PBXResourcesBuildPhase section */
		BE020792285376E200F45793 /* Resources */ = {
			isa = PBXResourcesBuildPhase;
			buildActionMask = 2147483647;
			files = (
				BE0207AA28537E5E00F45793 /* player.json in Resources */,
				BE0207AB28537E5E00F45793 /* product.json in Resources */,
				BE0207AC28537E5E00F45793 /* category.json in Resources */,
				BE02079F285376E500F45793 /* Preview Assets.xcassets in Resources */,
				BE02079C285376E500F45793 /* Assets.xcassets in Resources */,
				BE0207AD28537E5E00F45793 /* brand.json in Resources */,
			);
			runOnlyForDeploymentPostprocessing = 0;
		};
/* End PBXResourcesBuildPhase section */

/* Begin PBXSourcesBuildPhase section */
		BE020790285376E200F45793 /* Sources */ = {
			isa = PBXSourcesBuildPhase;
			buildActionMask = 2147483647;
			files = (
				BE0207C1285397F300F45793 /* CodableBundleExtension.swift in Sources */,
				BEE48B2F286A2F0700A7B72A /* HeaderDetailView.swift in Sources */,
				BEE48B31286A30A400A7B72A /* TopPartDetailView.swift in Sources */,
				BE02079A285376E200F45793 /* ContentView.swift in Sources */,
				BE0207BD285390E400F45793 /* LogoView.swift in Sources */,
				BE0207B92853836B00F45793 /* FooterView.swift in Sources */,
				BE0207C328539AB300F45793 /* FeaturedItemView.swift in Sources */,
				BE5F7BF02857B4D700C7C971 /* ProductItemView.swift in Sources */,
				BE5F7BF62857BB8A00C7C971 /* BrandGridView.swift in Sources */,
				BE020798285376E200F45793 /* TouchdownApp.swift in Sources */,
				BEE48B2B286A2A9500A7B72A /* ProductDetailView.swift in Sources */,
				BEE48B2D286A2CEC00A7B72A /* NavigationBarDetailView.swift in Sources */,
				BE0207B7285381F900F45793 /* Constant.swift in Sources */,
				BE9066D32854EC5200C9FB77 /* CategoryGridView.swift in Sources */,
				BE9066CF2854E86B00C9FB77 /* CategoryModel.swift in Sources */,
				BE0207BB28538DFB00F45793 /* NavigationBarView.swift in Sources */,
				BE9066D52854F58400C9FB77 /* SectionView.swift in Sources */,
				BE5F7BF42857BAAA00C7C971 /* BrandItemView.swift in Sources */,
				BE9066D12854E9C900C9FB77 /* CategoryItemView.swift in Sources */,
				BE0207C528539CAA00F45793 /* FeaturedTabView.swift in Sources */,
				BE0207BF2853979900F45793 /* PlayerModel.swift in Sources */,
				BE5F7BF22857BA0100C7C971 /* BrandModel.swift in Sources */,
				BE5F7BEC2857B2D200C7C971 /* TitleView.swift in Sources */,
				BE5F7BEE2857B3EA00C7C971 /* ProductModel.swift in Sources */,
			);
			runOnlyForDeploymentPostprocessing = 0;
		};
/* End PBXSourcesBuildPhase section */

/* Begin XCBuildConfiguration section */
		BE0207A0285376E500F45793 /* Debug */ = {
			isa = XCBuildConfiguration;
			buildSettings = {
				ALWAYS_SEARCH_USER_PATHS = NO;
				CLANG_ANALYZER_NONNULL = YES;
				CLANG_ANALYZER_NUMBER_OBJECT_CONVERSION = YES_AGGRESSIVE;
				CLANG_CXX_LANGUAGE_STANDARD = "gnu++17";
				CLANG_ENABLE_MODULES = YES;
				CLANG_ENABLE_OBJC_ARC = YES;
				CLANG_ENABLE_OBJC_WEAK = YES;
				CLANG_WARN_BLOCK_CAPTURE_AUTORELEASING = YES;
				CLANG_WARN_BOOL_CONVERSION = YES;
				CLANG_WARN_COMMA = YES;
				CLANG_WARN_CONSTANT_CONVERSION = YES;
				CLANG_WARN_DEPRECATED_OBJC_IMPLEMENTATIONS = YES;
				CLANG_WARN_DIRECT_OBJC_ISA_USAGE = YES_ERROR;
				CLANG_WARN_DOCUMENTATION_COMMENTS = YES;
				CLANG_WARN_EMPTY_BODY = YES;
				CLANG_WARN_ENUM_CONVERSION = YES;
				CLANG_WARN_INFINITE_RECURSION = YES;
				CLANG_WARN_INT_CONVERSION = YES;
				CLANG_WARN_NON_LITERAL_NULL_CONVERSION = YES;
				CLANG_WARN_OBJC_IMPLICIT_RETAIN_SELF = YES;
				CLANG_WARN_OBJC_LITERAL_CONVERSION = YES;
				CLANG_WARN_OBJC_ROOT_CLASS = YES_ERROR;
				CLANG_WARN_QUOTED_INCLUDE_IN_FRAMEWORK_HEADER = YES;
				CLANG_WARN_RANGE_LOOP_ANALYSIS = YES;
				CLANG_WARN_STRICT_PROTOTYPES = YES;
				CLANG_WARN_SUSPICIOUS_MOVE = YES;
				CLANG_WARN_UNGUARDED_AVAILABILITY = YES_AGGRESSIVE;
				CLANG_WARN_UNREACHABLE_CODE = YES;
				CLANG_WARN__DUPLICATE_METHOD_MATCH = YES;
				COPY_PHASE_STRIP = NO;
				DEBUG_INFORMATION_FORMAT = dwarf;
				ENABLE_STRICT_OBJC_MSGSEND = YES;
				ENABLE_TESTABILITY = YES;
				GCC_C_LANGUAGE_STANDARD = gnu11;
				GCC_DYNAMIC_NO_PIC = NO;
				GCC_NO_COMMON_BLOCKS = YES;
				GCC_OPTIMIZATION_LEVEL = 0;
				GCC_PREPROCESSOR_DEFINITIONS = (
					"DEBUG=1",
					"$(inherited)",
				);
				GCC_WARN_64_TO_32_BIT_CONVERSION = YES;
				GCC_WARN_ABOUT_RETURN_TYPE = YES_ERROR;
				GCC_WARN_UNDECLARED_SELECTOR = YES;
				GCC_WARN_UNINITIALIZED_AUTOS = YES_AGGRESSIVE;
				GCC_WARN_UNUSED_FUNCTION = YES;
				GCC_WARN_UNUSED_VARIABLE = YES;
				IPHONEOS_DEPLOYMENT_TARGET = 15.4;
				MTL_ENABLE_DEBUG_INFO = INCLUDE_SOURCE;
				MTL_FAST_MATH = YES;
				ONLY_ACTIVE_ARCH = YES;
				SDKROOT = iphoneos;
				SWIFT_ACTIVE_COMPILATION_CONDITIONS = DEBUG;
				SWIFT_OPTIMIZATION_LEVEL = "-Onone";
			};
			name = Debug;
		};
		BE0207A1285376E500F45793 /* Release */ = {
			isa = XCBuildConfiguration;
			buildSettings = {
				ALWAYS_SEARCH_USER_PATHS = NO;
				CLANG_ANALYZER_NONNULL = YES;
				CLANG_ANALYZER_NUMBER_OBJECT_CONVERSION = YES_AGGRESSIVE;
				CLANG_CXX_LANGUAGE_STANDARD = "gnu++17";
				CLANG_ENABLE_MODULES = YES;
				CLANG_ENABLE_OBJC_ARC = YES;
				CLANG_ENABLE_OBJC_WEAK = YES;
				CLANG_WARN_BLOCK_CAPTURE_AUTORELEASING = YES;
				CLANG_WARN_BOOL_CONVERSION = YES;
				CLANG_WARN_COMMA = YES;
				CLANG_WARN_CONSTANT_CONVERSION = YES;
				CLANG_WARN_DEPRECATED_OBJC_IMPLEMENTATIONS = YES;
				CLANG_WARN_DIRECT_OBJC_ISA_USAGE = YES_ERROR;
				CLANG_WARN_DOCUMENTATION_COMMENTS = YES;
				CLANG_WARN_EMPTY_BODY = YES;
				CLANG_WARN_ENUM_CONVERSION = YES;
				CLANG_WARN_INFINITE_RECURSION = YES;
				CLANG_WARN_INT_CONVERSION = YES;
				CLANG_WARN_NON_LITERAL_NULL_CONVERSION = YES;
				CLANG_WARN_OBJC_IMPLICIT_RETAIN_SELF = YES;
				CLANG_WARN_OBJC_LITERAL_CONVERSION = YES;
				CLANG_WARN_OBJC_ROOT_CLASS = YES_ERROR;
				CLANG_WARN_QUOTED_INCLUDE_IN_FRAMEWORK_HEADER = YES;
				CLANG_WARN_RANGE_LOOP_ANALYSIS = YES;
				CLANG_WARN_STRICT_PROTOTYPES = YES;
				CLANG_WARN_SUSPICIOUS_MOVE = YES;
				CLANG_WARN_UNGUARDED_AVAILABILITY = YES_AGGRESSIVE;
				CLANG_WARN_UNREACHABLE_CODE = YES;
				CLANG_WARN__DUPLICATE_METHOD_MATCH = YES;
				COPY_PHASE_STRIP = NO;
				DEBUG_INFORMATION_FORMAT = "dwarf-with-dsym";
				ENABLE_NS_ASSERTIONS = NO;
				ENABLE_STRICT_OBJC_MSGSEND = YES;
				GCC_C_LANGUAGE_STANDARD = gnu11;
				GCC_NO_COMMON_BLOCKS = YES;
				GCC_WARN_64_TO_32_BIT_CONVERSION = YES;
				GCC_WARN_ABOUT_RETURN_TYPE = YES_ERROR;
				GCC_WARN_UNDECLARED_SELECTOR = YES;
				GCC_WARN_UNINITIALIZED_AUTOS = YES_AGGRESSIVE;
				GCC_WARN_UNUSED_FUNCTION = YES;
				GCC_WARN_UNUSED_VARIABLE = YES;
				IPHONEOS_DEPLOYMENT_TARGET = 15.4;
				MTL_ENABLE_DEBUG_INFO = NO;
				MTL_FAST_MATH = YES;
				SDKROOT = iphoneos;
				SWIFT_COMPILATION_MODE = wholemodule;
				SWIFT_OPTIMIZATION_LEVEL = "-O";
				VALIDATE_PRODUCT = YES;
			};
			name = Release;
		};
		BE0207A3285376E500F45793 /* Debug */ = {
			isa = XCBuildConfiguration;
			buildSettings = {
				ASSETCATALOG_COMPILER_APPICON_NAME = AppIcon;
				ASSETCATALOG_COMPILER_GLOBAL_ACCENT_COLOR_NAME = AccentColor;
				CODE_SIGN_STYLE = Automatic;
				CURRENT_PROJECT_VERSION = 1;
				DEVELOPMENT_ASSET_PATHS = "\"Touchdown/Preview Content\"";
				DEVELOPMENT_TEAM = 32V376GWJH;
				ENABLE_PREVIEWS = YES;
				GENERATE_INFOPLIST_FILE = YES;
				INFOPLIST_FILE = "Touch-Down-Info.plist";
				INFOPLIST_KEY_LSApplicationCategoryType = "";
				INFOPLIST_KEY_UIApplicationSceneManifest_Generation = YES;
				INFOPLIST_KEY_UIApplicationSupportsIndirectInputEvents = YES;
				INFOPLIST_KEY_UISupportedInterfaceOrientations = UIInterfaceOrientationPortrait;
				INFOPLIST_KEY_UISupportedInterfaceOrientations_iPad = "UIInterfaceOrientationPortrait UIInterfaceOrientationPortraitUpsideDown UIInterfaceOrientationLandscapeLeft UIInterfaceOrientationLandscapeRight";
				INFOPLIST_KEY_UISupportedInterfaceOrientations_iPhone = "UIInterfaceOrientationPortrait UIInterfaceOrientationLandscapeLeft UIInterfaceOrientationLandscapeRight";
				INFOPLIST_KEY_UIUserInterfaceStyle = Light;
				LD_RUNPATH_SEARCH_PATHS = (
					"$(inherited)",
					"@executable_path/Frameworks",
				);
				MARKETING_VERSION = 1.0;
				PRODUCT_BUNDLE_IDENTIFIER = com.codemaker.Touchdown;
				PRODUCT_NAME = "Touch Down";
				SWIFT_EMIT_LOC_STRINGS = YES;
				SWIFT_VERSION = 5.0;
				TARGETED_DEVICE_FAMILY = "1,2";
			};
			name = Debug;
		};
		BE0207A4285376E500F45793 /* Release */ = {
			isa = XCBuildConfiguration;
			buildSettings = {
				ASSETCATALOG_COMPILER_APPICON_NAME = AppIcon;
				ASSETCATALOG_COMPILER_GLOBAL_ACCENT_COLOR_NAME = AccentColor;
				CODE_SIGN_STYLE = Automatic;
				CURRENT_PROJECT_VERSION = 1;
				DEVELOPMENT_ASSET_PATHS = "\"Touchdown/Preview Content\"";
				DEVELOPMENT_TEAM = 32V376GWJH;
				ENABLE_PREVIEWS = YES;
				GENERATE_INFOPLIST_FILE = YES;
				INFOPLIST_FILE = "Touch-Down-Info.plist";
				INFOPLIST_KEY_LSApplicationCategoryType = "";
				INFOPLIST_KEY_UIApplicationSceneManifest_Generation = YES;
				INFOPLIST_KEY_UIApplicationSupportsIndirectInputEvents = YES;
				INFOPLIST_KEY_UISupportedInterfaceOrientations = UIInterfaceOrientationPortrait;
				INFOPLIST_KEY_UISupportedInterfaceOrientations_iPad = "UIInterfaceOrientationPortrait UIInterfaceOrientationPortraitUpsideDown UIInterfaceOrientationLandscapeLeft UIInterfaceOrientationLandscapeRight";
				INFOPLIST_KEY_UISupportedInterfaceOrientations_iPhone = "UIInterfaceOrientationPortrait UIInterfaceOrientationLandscapeLeft UIInterfaceOrientationLandscapeRight";
				INFOPLIST_KEY_UIUserInterfaceStyle = Light;
				LD_RUNPATH_SEARCH_PATHS = (
					"$(inherited)",
					"@executable_path/Frameworks",
				);
				MARKETING_VERSION = 1.0;
				PRODUCT_BUNDLE_IDENTIFIER = com.codemaker.Touchdown;
				PRODUCT_NAME = "Touch Down";
				SWIFT_EMIT_LOC_STRINGS = YES;
				SWIFT_VERSION = 5.0;
				TARGETED_DEVICE_FAMILY = "1,2";
			};
			name = Release;
		};
/* End XCBuildConfiguration section */

/* Begin XCConfigurationList section */
		BE02078F285376E200F45793 /* Build configuration list for PBXProject "Touchdown" */ = {
			isa = XCConfigurationList;
			buildConfigurations = (
				BE0207A0285376E500F45793 /* Debug */,
				BE0207A1285376E500F45793 /* Release */,
			);
			defaultConfigurationIsVisible = 0;
			defaultConfigurationName = Release;
		};
		BE0207A2285376E500F45793 /* Build configuration list for PBXNativeTarget "Touch Down" */ = {
			isa = XCConfigurationList;
			buildConfigurations = (
				BE0207A3285376E500F45793 /* Debug */,
				BE0207A4285376E500F45793 /* Release */,
			);
			defaultConfigurationIsVisible = 0;
			defaultConfigurationName = Release;
		};
/* End XCConfigurationList section */
	};
	rootObject = BE02078C285376E200F45793 /* Project object */;
}
